
Microsoft Visual Studio Solution File, Format Version 12.00
# Visual Studio 15
VisualStudioVersion = 15.0.28307.168
MinimumVisualStudioVersion = 10.0.40219.1
Project("{FAE04EC0-301F-11D3-BF4B-00C04F79EFBC}") = "FletcherBooks", "FletcherBooks\FletcherBooks.csproj", "{D6A6A097-0B13-402F-AED5-6DE7DC521F77}"
EndProject
Global
	GlobalSection(SolutionConfigurationPlatforms) = preSolution
		Debug|Any CPU = Debug|Any CPU
		Release|Any CPU = Release|Any CPU
	EndGlobalSection
	GlobalSection(ProjectConfigurationPlatforms) = postSolution
		{D6A6A097-0B13-402F-AED5-6DE7DC521F77}.Debug|Any CPU.ActiveCfg = Debug|Any CPU
		{D6A6A097-0B13-402F-AED5-6DE7DC521F77}.Debug|Any CPU.Build.0 = Debug|Any CPU
		{D6A6A097-0B13-402F-AED5-6DE7DC521F77}.Release|Any CPU.ActiveCfg = Release|Any CPU
		{D6A6A097-0B13-402F-AED5-6DE7DC521F77}.Release|Any CPU.Build.0 = Release|Any CPU
	EndGlobalSection
	GlobalSection(SolutionProperties) = preSolution
		HideSolutionNode = FALSE
	EndGlobalSection
	GlobalSection(ExtensibilityGlobals) = postSolution
		SolutionGuid = {199ABE9E-0B2E-4427-930E-F0EC2781E46A}
	EndGlobalSection
EndGlobal
